
Microsoft Visual Studio Solution File, Format Version 12.00
# Visual Studio Version 16
VisualStudioVersion = 16.0.29806.167
MinimumVisualStudioVersion = 10.0.40219.1
Project("{FAE04EC0-301F-11D3-BF4B-00C04F79EFBC}") = "MailSender.Example", "MailSender.Example\MailSender.Example.csproj", "{8446AC76-2533-4891-9C9E-87A9C9BAFC3F}"
EndProject
Project("{FAE04EC0-301F-11D3-BF4B-00C04F79EFBC}") = "MailSender.Core", "MailSender.Core\MailSender.Core.csproj", "{C002A5F8-00CD-4D7C-8C29-387FB3166D67}"
EndProject
Global
	GlobalSection(SolutionConfigurationPlatforms) = preSolution
		Debug|Any CPU = Debug|Any CPU
		Release|Any CPU = Release|Any CPU
	EndGlobalSection
	GlobalSection(ProjectConfigurationPlatforms) = postSolution
		{8446AC76-2533-4891-9C9E-87A9C9BAFC3F}.Debug|Any CPU.ActiveCfg = Debug|Any CPU
		{8446AC76-2533-4891-9C9E-87A9C9BAFC3F}.Debug|Any CPU.Build.0 = Debug|Any CPU
		{8446AC76-2533-4891-9C9E-87A9C9BAFC3F}.Release|Any CPU.ActiveCfg = Release|Any CPU
		{8446AC76-2533-4891-9C9E-87A9C9BAFC3F}.Release|Any CPU.Build.0 = Release|Any CPU
		{C002A5F8-00CD-4D7C-8C29-387FB3166D67}.Debug|Any CPU.ActiveCfg = Debug|Any CPU
		{C002A5F8-00CD-4D7C-8C29-387FB3166D67}.Debug|Any CPU.Build.0 = Debug|Any CPU
		{C002A5F8-00CD-4D7C-8C29-387FB3166D67}.Release|Any CPU.ActiveCfg = Release|Any CPU
		{C002A5F8-00CD-4D7C-8C29-387FB3166D67}.Release|Any CPU.Build.0 = Release|Any CPU
	EndGlobalSection
	GlobalSection(SolutionProperties) = preSolution
		HideSolutionNode = FALSE
	EndGlobalSection
	GlobalSection(ExtensibilityGlobals) = postSolution
		SolutionGuid = {BEE6E071-37E2-4AFD-964A-16A26EB588E7}
	EndGlobalSection
EndGlobal
